{
    "_readme": [
        "This file locks the dependencies of your project to a known state",
        "Read more about it at http://getcomposer.org/doc/01-basic-usage.md#composer-lock-the-lock-file"
    ],
    "hash": "bdce7aea9fccb42f3b2ef18c6aeeea3b",
    "packages": [
        {
            "name": "league/oauth2-server",
            "version": "3.2",
            "source": {
                "type": "git",
                "url": "https://github.com/thephpleague/oauth2-server.git",
                "reference": "e8aeaf0777eef0fe91fae81c7ce1e331c7033894"
            },
            "dist": {
                "type": "zip",
                "url": "https://api.github.com/repos/thephpleague/oauth2-server/zipball/e8aeaf0777eef0fe91fae81c7ce1e331c7033894",
                "reference": "e8aeaf0777eef0fe91fae81c7ce1e331c7033894",
                "shasum": ""
            },
            "require": {
                "php": ">=5.4.0"
            },
            "replace": {
                "lncd/oauth2": "*"
            },
            "require-dev": {
                "league/phpunit-coverage-listener": "~1.0",
                "mockery/mockery": ">=0.7.2"
            },
            "type": "library",
            "autoload": {
                "psr-0": {
                    "League\\OAuth2\\Server": "src/"
                }
            },
            "notification-url": "https://packagist.org/downloads/",
            "license": [
                "MIT"
            ],
            "authors": [
                {
                    "name": "Alex Bilbie",
                    "email": "hello@alexbilbie.com",
                    "homepage": "http://www.alexbilbie.com",
                    "role": "Developer"
                }
            ],
            "description": "A lightweight and powerful OAuth 2.0 authorization and resource server library with support for all the core specification grants. This library will allow you to secure your API with OAuth and allow your applications users to approve apps that want to access their data from your API.",
            "keywords": [
                "Authentication",
                "api",
                "auth",
                "authorization",
                "oauth",
                "oauth2",
                "protect",
                "resource",
                "secure",
                "server"
            ],
            "time": "2014-04-06 21:04:19"
        }
    ],
    "packages-dev": [

    ],
    "aliases": [

    ],
    "minimum-stability": "stable",
    "stability-flags": [

    ],
    "platform": [

    ],
    "platform-dev": [

    ]
}
